// !$*UTF8*$!
{
	archiveVersion = 1;
	classes = {
	};
	objectVersion = 46;
	objects = {

/* Begin PBXBuildFile section */
		050698D4182F217700E65675 /* Foundation.framework in Frameworks */ = {isa = PBXBuildFile; fileRef = 050698D3182F217700E65675 /* Foundation.framework */; };
		050698D6182F217700E65675 /* CoreGraphics.framework in Frameworks */ = {isa = PBXBuildFile; fileRef = 050698D5182F217700E65675 /* CoreGraphics.framework */; };
		050698D8182F217700E65675 /* UIKit.framework in Frameworks */ = {isa = PBXBuildFile; fileRef = 050698D7182F217700E65675 /* UIKit.framework */; };
		050698DE182F217700E65675 /* InfoPlist.strings in Resources */ = {isa = PBXBuildFile; fileRef = 050698DC182F217700E65675 /* InfoPlist.strings */; };
		050698E0182F217700E65675 /* main.m in Sources */ = {isa = PBXBuildFile; fileRef = 050698DF182F217700E65675 /* main.m */; };
		050698E4182F217700E65675 /* BGAppDelegate.m in Sources */ = {isa = PBXBuildFile; fileRef = 050698E3182F217700E65675 /* BGAppDelegate.m */; };
		050698E7182F217700E65675 /* Main_iPhone.storyboard in Resources */ = {isa = PBXBuildFile; fileRef = 050698E5182F217700E65675 /* Main_iPhone.storyboard */; };
		050698EA182F217700E65675 /* Main_iPad.storyboard in Resources */ = {isa = PBXBuildFile; fileRef = 050698E8182F217700E65675 /* Main_iPad.storyboard */; };
		050698EF182F217700E65675 /* Images.xcassets in Resources */ = {isa = PBXBuildFile; fileRef = 050698EE182F217700E65675 /* Images.xcassets */; };
		050698F6182F217700E65675 /* XCTest.framework in Frameworks */ = {isa = PBXBuildFile; fileRef = 050698F5182F217700E65675 /* XCTest.framework */; };
		050698F7182F217700E65675 /* Foundation.framework in Frameworks */ = {isa = PBXBuildFile; fileRef = 050698D3182F217700E65675 /* Foundation.framework */; };
		050698F8182F217700E65675 /* UIKit.framework in Frameworks */ = {isa = PBXBuildFile; fileRef = 050698D7182F217700E65675 /* UIKit.framework */; };
		05069900182F217700E65675 /* InfoPlist.strings in Resources */ = {isa = PBXBuildFile; fileRef = 050698FE182F217700E65675 /* InfoPlist.strings */; };
		05069902182F217700E65675 /* BGCategoryTests.m in Sources */ = {isa = PBXBuildFile; fileRef = 05069901182F217700E65675 /* BGCategoryTests.m */; };
		0506990F182F224300E65675 /* NSString+NepaliNumber.m in Sources */ = {isa = PBXBuildFile; fileRef = 0506990E182F224300E65675 /* NSString+NepaliNumber.m */; };
		05069913182F227800E65675 /* BGViewController.m in Sources */ = {isa = PBXBuildFile; fileRef = 05069912182F227800E65675 /* BGViewController.m */; };
/* End PBXBuildFile section */

/* Begin PBXContainerItemProxy section */
		050698F9182F217700E65675 /* PBXContainerItemProxy */ = {
			isa = PBXContainerItemProxy;
			containerPortal = 050698C8182F217700E65675 /* Project object */;
			proxyType = 1;
			remoteGlobalIDString = 050698CF182F217700E65675;
			remoteInfo = BGCategory;
		};
/* End PBXContainerItemProxy section */

/* Begin PBXFileReference section */
		050698D0182F217700E65675 /* BGCategory.app */ = {isa = PBXFileReference; explicitFileType = wrapper.application; includeInIndex = 0; path = BGCategory.app; sourceTree = BUILT_PRODUCTS_DIR; };
		050698D3182F217700E65675 /* Foundation.framework */ = {isa = PBXFileReference; lastKnownFileType = wrapper.framework; name = Foundation.framework; path = System/Library/Frameworks/Foundation.framework; sourceTree = SDKROOT; };
		050698D5182F217700E65675 /* CoreGraphics.framework */ = {isa = PBXFileReference; lastKnownFileType = wrapper.framework; name = CoreGraphics.framework; path = System/Library/Frameworks/CoreGraphics.framework; sourceTree = SDKROOT; };
		050698D7182F217700E65675 /* UIKit.framework */ = {isa = PBXFileReference; lastKnownFileType = wrapper.framework; name = UIKit.framework; path = System/Library/Frameworks/UIKit.framework; sourceTree = SDKROOT; };
		050698DB182F217700E65675 /* BGCategory-Info.plist */ = {isa = PBXFileReference; lastKnownFileType = text.plist.xml; path = "BGCategory-Info.plist"; sourceTree = "<group>"; };
		050698DD182F217700E65675 /* en */ = {isa = PBXFileReference; lastKnownFileType = text.plist.strings; name = en; path = en.lproj/InfoPlist.strings; sourceTree = "<group>"; };
		050698DF182F217700E65675 /* main.m */ = {isa = PBXFileReference; lastKnownFileType = sourcecode.c.objc; path = main.m; sourceTree = "<group>"; };
		050698E1182F217700E65675 /* BGCategory-Prefix.pch */ = {isa = PBXFileReference; lastKnownFileType = sourcecode.c.h; path = "BGCategory-Prefix.pch"; sourceTree = "<group>"; };
		050698E2182F217700E65675 /* BGAppDelegate.h */ = {isa = PBXFileReference; lastKnownFileType = sourcecode.c.h; path = BGAppDelegate.h; sourceTree = "<group>"; };
		050698E3182F217700E65675 /* BGAppDelegate.m */ = {isa = PBXFileReference; lastKnownFileType = sourcecode.c.objc; path = BGAppDelegate.m; sourceTree = "<group>"; };
		050698E6182F217700E65675 /* Base */ = {isa = PBXFileReference; lastKnownFileType = file.storyboard; name = Base; path = Base.lproj/Main_iPhone.storyboard; sourceTree = "<group>"; };
		050698E9182F217700E65675 /* Base */ = {isa = PBXFileReference; lastKnownFileType = file.storyboard; name = Base; path = Base.lproj/Main_iPad.storyboard; sourceTree = "<group>"; };
		050698EE182F217700E65675 /* Images.xcassets */ = {isa = PBXFileReference; lastKnownFileType = folder.assetcatalog; path = Images.xcassets; sourceTree = "<group>"; };
		050698F4182F217700E65675 /* BGCategoryTests.xctest */ = {isa = PBXFileReference; explicitFileType = wrapper.cfbundle; includeInIndex = 0; path = BGCategoryTests.xctest; sourceTree = BUILT_PRODUCTS_DIR; };
		050698F5182F217700E65675 /* XCTest.framework */ = {isa = PBXFileReference; lastKnownFileType = wrapper.framework; name = XCTest.framework; path = Library/Frameworks/XCTest.framework; sourceTree = DEVELOPER_DIR; };
		050698FD182F217700E65675 /* BGCategoryTests-Info.plist */ = {isa = PBXFileReference; lastKnownFileType = text.plist.xml; path = "BGCategoryTests-Info.plist"; sourceTree = "<group>"; };
		050698FF182F217700E65675 /* en */ = {isa = PBXFileReference; lastKnownFileType = text.plist.strings; name = en; path = en.lproj/InfoPlist.strings; sourceTree = "<group>"; };
		05069901182F217700E65675 /* BGCategoryTests.m */ = {isa = PBXFileReference; lastKnownFileType = sourcecode.c.objc; path = BGCategoryTests.m; sourceTree = "<group>"; };
		0506990D182F224300E65675 /* NSString+NepaliNumber.h */ = {isa = PBXFileReference; fileEncoding = 4; lastKnownFileType = sourcecode.c.h; path = "NSString+NepaliNumber.h"; sourceTree = "<group>"; };
		0506990E182F224300E65675 /* NSString+NepaliNumber.m */ = {isa = PBXFileReference; fileEncoding = 4; lastKnownFileType = sourcecode.c.objc; path = "NSString+NepaliNumber.m"; sourceTree = "<group>"; };
		05069911182F227800E65675 /* BGViewController.h */ = {isa = PBXFileReference; fileEncoding = 4; lastKnownFileType = sourcecode.c.h; path = BGViewController.h; sourceTree = "<group>"; };
		05069912182F227800E65675 /* BGViewController.m */ = {isa = PBXFileReference; fileEncoding = 4; lastKnownFileType = sourcecode.c.objc; path = BGViewController.m; sourceTree = "<group>"; };
/* End PBXFileReference section */

/* Begin PBXFrameworksBuildPhase section */
		050698CD182F217700E65675 /* Frameworks */ = {
			isa = PBXFrameworksBuildPhase;
			buildActionMask = 2147483647;
			files = (
				050698D6182F217700E65675 /* CoreGraphics.framework in Frameworks */,
				050698D8182F217700E65675 /* UIKit.framework in Frameworks */,
				050698D4182F217700E65675 /* Foundation.framework in Frameworks */,
			);
			runOnlyForDeploymentPostprocessing = 0;
		};
		050698F1182F217700E65675 /* Frameworks */ = {
			isa = PBXFrameworksBuildPhase;
			buildActionMask = 2147483647;
			files = (
				050698F6182F217700E65675 /* XCTest.framework in Frameworks */,
				050698F8182F217700E65675 /* UIKit.framework in Frameworks */,
				050698F7182F217700E65675 /* Foundation.framework in Frameworks */,
			);
			runOnlyForDeploymentPostprocessing = 0;
		};
/* End PBXFrameworksBuildPhase section */

/* Begin PBXGroup section */
		050698C7182F217700E65675 = {
			isa = PBXGroup;
			children = (
				050698D9182F217700E65675 /* BGCategory */,
				050698FB182F217700E65675 /* BGCategoryTests */,
				050698D2182F217700E65675 /* Frameworks */,
				050698D1182F217700E65675 /* Products */,
			);
			sourceTree = "<group>";
		};
		050698D1182F217700E65675 /* Products */ = {
			isa = PBXGroup;
			children = (
				050698D0182F217700E65675 /* BGCategory.app */,
				050698F4182F217700E65675 /* BGCategoryTests.xctest */,
			);
			name = Products;
			sourceTree = "<group>";
		};
		050698D2182F217700E65675 /* Frameworks */ = {
			isa = PBXGroup;
			children = (
				050698D3182F217700E65675 /* Foundation.framework */,
				050698D5182F217700E65675 /* CoreGraphics.framework */,
				050698D7182F217700E65675 /* UIKit.framework */,
				050698F5182F217700E65675 /* XCTest.framework */,
			);
			name = Frameworks;
			sourceTree = "<group>";
		};
		050698D9182F217700E65675 /* BGCategory */ = {
			isa = PBXGroup;
			children = (
				05069910182F227800E65675 /* ViewController */,
				0506990C182F224300E65675 /* Category */,
				050698E2182F217700E65675 /* BGAppDelegate.h */,
				050698E3182F217700E65675 /* BGAppDelegate.m */,
				050698E5182F217700E65675 /* Main_iPhone.storyboard */,
				050698E8182F217700E65675 /* Main_iPad.storyboard */,
				050698EE182F217700E65675 /* Images.xcassets */,
				050698DA182F217700E65675 /* Supporting Files */,
			);
			path = BGCategory;
			sourceTree = "<group>";
		};
		050698DA182F217700E65675 /* Supporting Files */ = {
			isa = PBXGroup;
			children = (
				050698DB182F217700E65675 /* BGCategory-Info.plist */,
				050698DC182F217700E65675 /* InfoPlist.strings */,
				050698DF182F217700E65675 /* main.m */,
				050698E1182F217700E65675 /* BGCategory-Prefix.pch */,
			);
			name = "Supporting Files";
			sourceTree = "<group>";
		};
		050698FB182F217700E65675 /* BGCategoryTests */ = {
			isa = PBXGroup;
			children = (
				05069901182F217700E65675 /* BGCategoryTests.m */,
				050698FC182F217700E65675 /* Supporting Files */,
			);
			path = BGCategoryTests;
			sourceTree = "<group>";
		};
		050698FC182F217700E65675 /* Supporting Files */ = {
			isa = PBXGroup;
			children = (
				050698FD182F217700E65675 /* BGCategoryTests-Info.plist */,
				050698FE182F217700E65675 /* InfoPlist.strings */,
			);
			name = "Supporting Files";
			sourceTree = "<group>";
		};
		0506990C182F224300E65675 /* Category */ = {
			isa = PBXGroup;
			children = (
				0506990D182F224300E65675 /* NSString+NepaliNumber.h */,
				0506990E182F224300E65675 /* NSString+NepaliNumber.m */,
			);
			path = Category;
			sourceTree = "<group>";
		};
		05069910182F227800E65675 /* ViewController */ = {
			isa = PBXGroup;
			children = (
				05069911182F227800E65675 /* BGViewController.h */,
				05069912182F227800E65675 /* BGViewController.m */,
			);
			path = ViewController;
			sourceTree = "<group>";
		};
/* End PBXGroup section */

/* Begin PBXNativeTarget section */
		050698CF182F217700E65675 /* BGCategory */ = {
			isa = PBXNativeTarget;
			buildConfigurationList = 05069905182F217700E65675 /* Build configuration list for PBXNativeTarget "BGCategory" */;
			buildPhases = (
				050698CC182F217700E65675 /* Sources */,
				050698CD182F217700E65675 /* Frameworks */,
				050698CE182F217700E65675 /* Resources */,
			);
			buildRules = (
			);
			dependencies = (
			);
			name = BGCategory;
			productName = BGCategory;
			productReference = 050698D0182F217700E65675 /* BGCategory.app */;
			productType = "com.apple.product-type.application";
		};
		050698F3182F217700E65675 /* BGCategoryTests */ = {
			isa = PBXNativeTarget;
			buildConfigurationList = 05069908182F217700E65675 /* Build configuration list for PBXNativeTarget "BGCategoryTests" */;
			buildPhases = (
				050698F0182F217700E65675 /* Sources */,
				050698F1182F217700E65675 /* Frameworks */,
				050698F2182F217700E65675 /* Resources */,
			);
			buildRules = (
			);
			dependencies = (
				050698FA182F217700E65675 /* PBXTargetDependency */,
			);
			name = BGCategoryTests;
			productName = BGCategoryTests;
			productReference = 050698F4182F217700E65675 /* BGCategoryTests.xctest */;
			productType = "com.apple.product-type.bundle.unit-test";
		};
/* End PBXNativeTarget section */

/* Begin PBXProject section */
		050698C8182F217700E65675 /* Project object */ = {
			isa = PBXProject;
			attributes = {
				CLASSPREFIX = BG;
				LastUpgradeCheck = 0500;
				ORGANIZATIONNAME = "Bishal Ghimire";
				TargetAttributes = {
					050698F3182F217700E65675 = {
						TestTargetID = 050698CF182F217700E65675;
					};
				};
			};
			buildConfigurationList = 050698CB182F217700E65675 /* Build configuration list for PBXProject "BGCategory" */;
			compatibilityVersion = "Xcode 3.2";
			developmentRegion = English;
			hasScannedForEncodings = 0;
			knownRegions = (
				en,
				Base,
			);
			mainGroup = 050698C7182F217700E65675;
			productRefGroup = 050698D1182F217700E65675 /* Products */;
			projectDirPath = "";
			projectRoot = "";
			targets = (
				050698CF182F217700E65675 /* BGCategory */,
				050698F3182F217700E65675 /* BGCategoryTests */,
			);
		};
/* End PBXProject section */

/* Begin PBXResourcesBuildPhase section */
		050698CE182F217700E65675 /* Resources */ = {
			isa = PBXResourcesBuildPhase;
			buildActionMask = 2147483647;
			files = (
				050698EA182F217700E65675 /* Main_iPad.storyboard in Resources */,
				050698EF182F217700E65675 /* Images.xcassets in Resources */,
				050698E7182F217700E65675 /* Main_iPhone.storyboard in Resources */,
				050698DE182F217700E65675 /* InfoPlist.strings in Resources */,
			);
			runOnlyForDeploymentPostprocessing = 0;
		};
		050698F2182F217700E65675 /* Resources */ = {
			isa = PBXResourcesBuildPhase;
			buildActionMask = 2147483647;
			files = (
				05069900182F217700E65675 /* InfoPlist.strings in Resources */,
			);
			runOnlyForDeploymentPostprocessing = 0;
		};
/* End PBXResourcesBuildPhase section */

/* Begin PBXSourcesBuildPhase section */
		050698CC182F217700E65675 /* Sources */ = {
			isa = PBXSourcesBuildPhase;
			buildActionMask = 2147483647;
			files = (
				050698E0182F217700E65675 /* main.m in Sources */,
				05069913182F227800E65675 /* BGViewController.m in Sources */,
				050698E4182F217700E65675 /* BGAppDelegate.m in Sources */,
				0506990F182F224300E65675 /* NSString+NepaliNumber.m in Sources */,
			);
			runOnlyForDeploymentPostprocessing = 0;
		};
		050698F0182F217700E65675 /* Sources */ = {
			isa = PBXSourcesBuildPhase;
			buildActionMask = 2147483647;
			files = (
				05069902182F217700E65675 /* BGCategoryTests.m in Sources */,
			);
			runOnlyForDeploymentPostprocessing = 0;
		};
/* End PBXSourcesBuildPhase section */

/* Begin PBXTargetDependency section */
		050698FA182F217700E65675 /* PBXTargetDependency */ = {
			isa = PBXTargetDependency;
			target = 050698CF182F217700E65675 /* BGCategory */;
			targetProxy = 050698F9182F217700E65675 /* PBXContainerItemProxy */;
		};
/* End PBXTargetDependency section */

/* Begin PBXVariantGroup section */
		050698DC182F217700E65675 /* InfoPlist.strings */ = {
			isa = PBXVariantGroup;
			children = (
				050698DD182F217700E65675 /* en */,
			);
			name = InfoPlist.strings;
			sourceTree = "<group>";
		};
		050698E5182F217700E65675 /* Main_iPhone.storyboard */ = {
			isa = PBXVariantGroup;
			children = (
				050698E6182F217700E65675 /* Base */,
			);
			name = Main_iPhone.storyboard;
			sourceTree = "<group>";
		};
		050698E8182F217700E65675 /* Main_iPad.storyboard */ = {
			isa = PBXVariantGroup;
			children = (
				050698E9182F217700E65675 /* Base */,
			);
			name = Main_iPad.storyboard;
			sourceTree = "<group>";
		};
		050698FE182F217700E65675 /* InfoPlist.strings */ = {
			isa = PBXVariantGroup;
			children = (
				050698FF182F217700E65675 /* en */,
			);
			name = InfoPlist.strings;
			sourceTree = "<group>";
		};
/* End PBXVariantGroup section */

/* Begin XCBuildConfiguration section */
		05069903182F217700E65675 /* Debug */ = {
			isa = XCBuildConfiguration;
			buildSettings = {
				ALWAYS_SEARCH_USER_PATHS = NO;
				ARCHS = "$(ARCHS_STANDARD_INCLUDING_64_BIT)";
				CLANG_CXX_LANGUAGE_STANDARD = "gnu++0x";
				CLANG_CXX_LIBRARY = "libc++";
				CLANG_ENABLE_MODULES = YES;
				CLANG_ENABLE_OBJC_ARC = YES;
				CLANG_WARN_BOOL_CONVERSION = YES;
				CLANG_WARN_CONSTANT_CONVERSION = YES;
				CLANG_WARN_DIRECT_OBJC_ISA_USAGE = YES_ERROR;
				CLANG_WARN_EMPTY_BODY = YES;
				CLANG_WARN_ENUM_CONVERSION = YES;
				CLANG_WARN_INT_CONVERSION = YES;
				CLANG_WARN_OBJC_ROOT_CLASS = YES_ERROR;
				CLANG_WARN__DUPLICATE_METHOD_MATCH = YES;
				"CODE_SIGN_IDENTITY[sdk=iphoneos*]" = "iPhone Developer";
				COPY_PHASE_STRIP = NO;
				GCC_C_LANGUAGE_STANDARD = gnu99;
				GCC_DYNAMIC_NO_PIC = NO;
				GCC_OPTIMIZATION_LEVEL = 0;
				GCC_PREPROCESSOR_DEFINITIONS = (
					"DEBUG=1",
					"$(inherited)",
				);
				GCC_SYMBOLS_PRIVATE_EXTERN = NO;
				GCC_WARN_64_TO_32_BIT_CONVERSION = YES;
				GCC_WARN_ABOUT_RETURN_TYPE = YES_ERROR;
				GCC_WARN_UNDECLARED_SELECTOR = YES;
				GCC_WARN_UNINITIALIZED_AUTOS = YES;
				GCC_WARN_UNUSED_FUNCTION = YES;
				GCC_WARN_UNUSED_VARIABLE = YES;
				IPHONEOS_DEPLOYMENT_TARGET = 7.0;
				ONLY_ACTIVE_ARCH = YES;
				SDKROOT = iphoneos;
				TARGETED_DEVICE_FAMILY = "1,2";
			};
			name = Debug;
		};
		05069904182F217700E65675 /* Release */ = {
			isa = XCBuildConfiguration;
			buildSettings = {
				ALWAYS_SEARCH_USER_PATHS = NO;
				ARCHS = "$(ARCHS_STANDARD_INCLUDING_64_BIT)";
				CLANG_CXX_LANGUAGE_STANDARD = "gnu++0x";
				CLANG_CXX_LIBRARY = "libc++";
				CLANG_ENABLE_MODULES = YES;
				CLANG_ENABLE_OBJC_ARC = YES;
				CLANG_WARN_BOOL_CONVERSION = YES;
				CLANG_WARN_CONSTANT_CONVERSION = YES;
				CLANG_WARN_DIRECT_OBJC_ISA_USAGE = YES_ERROR;
				CLANG_WARN_EMPTY_BODY = YES;
				CLANG_WARN_ENUM_CONVERSION = YES;
				CLANG_WARN_INT_CONVERSION = YES;
				CLANG_WARN_OBJC_ROOT_CLASS = YES_ERROR;
				CLANG_WARN__DUPLICATE_METHOD_MATCH = YES;
				"CODE_SIGN_IDENTITY[sdk=iphoneos*]" = "iPhone Developer";
				COPY_PHASE_STRIP = YES;
				ENABLE_NS_ASSERTIONS = NO;
				GCC_C_LANGUAGE_STANDARD = gnu99;
				GCC_WARN_64_TO_32_BIT_CONVERSION = YES;
				GCC_WARN_ABOUT_RETURN_TYPE = YES_ERROR;
				GCC_WARN_UNDECLARED_SELECTOR = YES;
				GCC_WARN_UNINITIALIZED_AUTOS = YES;
				GCC_WARN_UNUSED_FUNCTION = YES;
				GCC_WARN_UNUSED_VARIABLE = YES;
				IPHONEOS_DEPLOYMENT_TARGET = 7.0;
				SDKROOT = iphoneos;
				TARGETED_DEVICE_FAMILY = "1,2";
				VALIDATE_PRODUCT = YES;
			};
			name = Release;
		};
		05069906182F217700E65675 /* Debug */ = {
			isa = XCBuildConfiguration;
			buildSettings = {
				ASSETCATALOG_COMPILER_APPICON_NAME = AppIcon;
				ASSETCATALOG_COMPILER_LAUNCHIMAGE_NAME = LaunchImage;
				GCC_PRECOMPILE_PREFIX_HEADER = YES;
				GCC_PREFIX_HEADER = "BGCategory/BGCategory-Prefix.pch";
				INFOPLIST_FILE = "BGCategory/BGCategory-Info.plist";
				PRODUCT_NAME = "$(TARGET_NAME)";
				WRAPPER_EXTENSION = app;
			};
			name = Debug;
		};
		05069907182F217700E65675 /* Release */ = {
			isa = XCBuildConfiguration;
			buildSettings = {
				ASSETCATALOG_COMPILER_APPICON_NAME = AppIcon;
				ASSETCATALOG_COMPILER_LAUNCHIMAGE_NAME = LaunchImage;
				GCC_PRECOMPILE_PREFIX_HEADER = YES;
				GCC_PREFIX_HEADER = "BGCategory/BGCategory-Prefix.pch";
				INFOPLIST_FILE = "BGCategory/BGCategory-Info.plist";
				PRODUCT_NAME = "$(TARGET_NAME)";
				WRAPPER_EXTENSION = app;
			};
			name = Release;
		};
		05069909182F217700E65675 /* Debug */ = {
			isa = XCBuildConfiguration;
			buildSettings = {
				ARCHS = "$(ARCHS_STANDARD_INCLUDING_64_BIT)";
				BUNDLE_LOADER = "$(BUILT_PRODUCTS_DIR)/BGCategory.app/BGCategory";
				FRAMEWORK_SEARCH_PATHS = (
					"$(SDKROOT)/Developer/Library/Frameworks",
					"$(inherited)",
					"$(DEVELOPER_FRAMEWORKS_DIR)",
				);
				GCC_PRECOMPILE_PREFIX_HEADER = YES;
				GCC_PREFIX_HEADER = "BGCategory/BGCategory-Prefix.pch";
				GCC_PREPROCESSOR_DEFINITIONS = (
					"DEBUG=1",
					"$(inherited)",
				);
				INFOPLIST_FILE = "BGCategoryTests/BGCategoryTests-Info.plist";
				PRODUCT_NAME = "$(TARGET_NAME)";
				TEST_HOST = "$(BUNDLE_LOADER)";
				WRAPPER_EXTENSION = xctest;
			};
			name = Debug;
		};
		0506990A182F217700E65675 /* Release */ = {
			isa = XCBuildConfiguration;
			buildSettings = {
				ARCHS = "$(ARCHS_STANDARD_INCLUDING_64_BIT)";
				BUNDLE_LOADER = "$(BUILT_PRODUCTS_DIR)/BGCategory.app/BGCategory";
				FRAMEWORK_SEARCH_PATHS = (
					"$(SDKROOT)/Developer/Library/Frameworks",
					"$(inherited)",
					"$(DEVELOPER_FRAMEWORKS_DIR)",
				);
				GCC_PRECOMPILE_PREFIX_HEADER = YES;
				GCC_PREFIX_HEADER = "BGCategory/BGCategory-Prefix.pch";
				INFOPLIST_FILE = "BGCategoryTests/BGCategoryTests-Info.plist";
				PRODUCT_NAME = "$(TARGET_NAME)";
				TEST_HOST = "$(BUNDLE_LOADER)";
				WRAPPER_EXTENSION = xctest;
			};
			name = Release;
		};
/* End XCBuildConfiguration section */

/* Begin XCConfigurationList section */
		050698CB182F217700E65675 /* Build configuration list for PBXProject "BGCategory" */ = {
			isa = XCConfigurationList;
			buildConfigurations = (
				05069903182F217700E65675 /* Debug */,
				05069904182F217700E65675 /* Release */,
			);
			defaultConfigurationIsVisible = 0;
			defaultConfigurationName = Release;
		};
		05069905182F217700E65675 /* Build configuration list for PBXNativeTarget "BGCategory" */ = {
			isa = XCConfigurationList;
			buildConfigurations = (
				05069906182F217700E65675 /* Debug */,
				05069907182F217700E65675 /* Release */,
			);
			defaultConfigurationIsVisible = 0;
			defaultConfigurationName = Release;
		};
		05069908182F217700E65675 /* Build configuration list for PBXNativeTarget "BGCategoryTests" */ = {
			isa = XCConfigurationList;
			buildConfigurations = (
				05069909182F217700E65675 /* Debug */,
				0506990A182F217700E65675 /* Release */,
			);
			defaultConfigurationIsVisible = 0;
			defaultConfigurationName = Release;
		};
/* End XCConfigurationList section */
	};
	rootObject = 050698C8182F217700E65675 /* Project object */;
}
